
Microsoft Visual Studio Solution File, Format Version 12.00
# Visual Studio Version 17
VisualStudioVersion = 17.10.34928.147
MinimumVisualStudioVersion = 10.0.40219.1
Project("{FAE04EC0-301F-11D3-BF4B-00C04F79EFBC}") = "BlazorApp1", "BlazorApp1.csproj", "{EE96BC81-071F-47BF-BFAE-471D220CA4A4}"
EndProject
Project("{9A19103F-16F7-4668-BE54-9A1E7A4F7556}") = "UploadTaskLibrary", "..\ListaDeTareas\UproadTaskLibrary\UploadTaskLibrary.csproj", "{5016C365-0D91-4F90-9544-6E9CA4F3B623}"
EndProject
Global
	GlobalSection(SolutionConfigurationPlatforms) = preSolution
		Debug|Any CPU = Debug|Any CPU
		Release|Any CPU = Release|Any CPU
	EndGlobalSection
	GlobalSection(ProjectConfigurationPlatforms) = postSolution
		{EE96BC81-071F-47BF-BFAE-471D220CA4A4}.Debug|Any CPU.ActiveCfg = Debug|Any CPU
		{EE96BC81-071F-47BF-BFAE-471D220CA4A4}.Debug|Any CPU.Build.0 = Debug|Any CPU
		{EE96BC81-071F-47BF-BFAE-471D220CA4A4}.Release|Any CPU.ActiveCfg = Release|Any CPU
		{EE96BC81-071F-47BF-BFAE-471D220CA4A4}.Release|Any CPU.Build.0 = Release|Any CPU
		{5016C365-0D91-4F90-9544-6E9CA4F3B623}.Debug|Any CPU.ActiveCfg = Debug|Any CPU
		{5016C365-0D91-4F90-9544-6E9CA4F3B623}.Debug|Any CPU.Build.0 = Debug|Any CPU
		{5016C365-0D91-4F90-9544-6E9CA4F3B623}.Release|Any CPU.ActiveCfg = Release|Any CPU
		{5016C365-0D91-4F90-9544-6E9CA4F3B623}.Release|Any CPU.Build.0 = Release|Any CPU
	EndGlobalSection
	GlobalSection(SolutionProperties) = preSolution
		HideSolutionNode = FALSE
	EndGlobalSection
	GlobalSection(ExtensibilityGlobals) = postSolution
		SolutionGuid = {DD6CBB09-CDD7-482A-8970-4831D0FA5B3C}
	EndGlobalSection
EndGlobal
